[[package]]
name = "grpcio"
version = "1.46.0"
description = "HTTP/2-based RPC framework"
category = "main"
optional = false
python-versions = ">=3.6"

[package.dependencies]
six = ">=1.5.2"

[package.extras]
protobuf = ["grpcio-tools (>=1.46.0)"]

[[package]]
name = "numpy"
version = "1.22.3"
description = "NumPy is the fundamental package for array computing with Python."
category = "main"
optional = false
python-versions = ">=3.8"

[[package]]
name = "pandas"
version = "1.4.2"
description = "Powerful data structures for data analysis, time series, and statistics"
category = "main"
optional = false
python-versions = ">=3.8"

[package.dependencies]
numpy = [
    {version = ">=1.18.5", markers = "platform_machine != \"aarch64\" and platform_machine != \"arm64\" and python_version < \"3.10\""},
    {version = ">=1.19.2", markers = "platform_machine == \"aarch64\" and python_version < \"3.10\""},
    {version = ">=1.20.0", markers = "platform_machine == \"arm64\" and python_version < \"3.10\""},
    {version = ">=1.21.0", markers = "python_version >= \"3.10\""},
]
python-dateutil = ">=2.8.1"
pytz = ">=2020.1"

[package.extras]
test = ["hypothesis (>=5.5.3)", "pytest (>=6.0)", "pytest-xdist (>=1.31)"]

[[package]]
name = "plotly"
version = "5.7.0"
description = "An open-source, interactive data visualization library for Python"
category = "main"
optional = false
python-versions = ">=3.6"

[package.dependencies]
six = "*"
tenacity = ">=6.2.0"

[[package]]
name = "protobuf"
version = "3.20.1"
description = "Protocol Buffers"
category = "main"
optional = false
python-versions = ">=3.7"

[[package]]
name = "python-dateutil"
version = "2.8.2"
description = "Extensions to the standard Python datetime module"
category = "main"
optional = false
python-versions = "!=3.0.*,!=3.1.*,!=3.2.*,>=2.7"

[package.dependencies]
six = ">=1.5"

[[package]]
name = "pytz"
version = "2022.1"
description = "World timezone definitions, modern and historical"
category = "main"
optional = false
python-versions = "*"

[[package]]
name = "six"
version = "1.16.0"
description = "Python 2 and 3 compatibility utilities"
category = "main"
optional = false
python-versions = ">=2.7, !=3.0.*, !=3.1.*, !=3.2.*"

[[package]]
name = "tenacity"
version = "8.0.1"
description = "Retry code until it succeeds"
category = "main"
optional = false
python-versions = ">=3.6"

[package.extras]
doc = ["reno", "sphinx", "tornado (>=4.5)"]

[[package]]
name = "tinkoff"
version = "0.1.1"
description = ""
category = "main"
optional = false
python-versions = ">=3.6,<4.0"

[[package]]
name = "tinkoff-investments"
version = "0.2.0b26"
description = ""
category = "main"
optional = false
python-versions = ">=3.8,<4.0"

[package.dependencies]
grpcio = ">=1.39.0,<2.0.0"
protobuf = ">=3.19.3,<4.0.0"
tinkoff = ">=0.1.1,<0.2.0"

[package.extras]
all = ["matplotlib (>=3.5.1,<4.0.0)", "mplfinance (>=0.12.8-beta.9,<0.13.0)", "numpy (>=1.22.2,<2.0.0)", "pandas (>=1.4.0,<2.0.0)"]

[metadata]
lock-version = "1.1"
python-versions = "^3.8"
content-hash = "0e63c5d53785e356c94c4287602b1775cb24a83bd8471a71779001bfc224bc7f"

[metadata.files]
grpcio = [
    {file = "grpcio-1.46.0-cp310-cp310-linux_armv7l.whl", hash = "sha256:fa4834022ca45fcde57fabcd12e5458fdb01372c4c8ab84030eabec24c6f39ca"},
    {file = "grpcio-1.46.0-cp310-cp310-macosx_10_10_universal2.whl", hash = "sha256:bdad8c088e088e5d34e9c10a5db8871157cc1a7e42f49ea4bd320fd8b57e7eb2"},
    {file = "grpcio-1.46.0-cp310-cp310-manylinux_2_17_aarch64.whl", hash = "sha256:9e70290273b9d7e6d1cd8f8a7a621c4e9a91a3a35be3068610ee014124a35e75"},
    {file = "grpcio-1.46.0-cp310-cp310-manylinux_2_17_i686.manylinux2014_i686.whl", hash = "sha256:cbfc0c85a2eb34de711028fe9630b159a1c0df5580359368bff8429596c56c97"},
    {file = "grpcio-1.46.0-cp310-cp310-manylinux_2_17_x86_64.manylinux2014_x86_64.whl", hash = "sha256:c2fe454b7dd4c41a9cb8fbbb18474fd9a2f7935ac203b5f47a00216beec8aacd"},
    {file = "grpcio-1.46.0-cp310-cp310-musllinux_1_1_i686.whl", hash = "sha256:666d40de9e323392f985921c4d112ebda8decd7a4532b9524f7e6f6fd5e4ca57"},
    {file = "grpcio-1.46.0-cp310-cp310-musllinux_1_1_x86_64.whl", hash = "sha256:668cc3e277f2bb88189bb4f0d7dfece326be789096660f94553600040630969c"},
    {file = "grpcio-1.46.0-cp310-cp310-win32.whl", hash = "sha256:80aa6247a77cba60b56192df57cc5d78f0e2fe697fc6ebdf089ce93df894db3e"},
    {file = "grpcio-1.46.0-cp310-cp310-win_amd64.whl", hash = "sha256:828078cb73008c65794af94201c975610d16c9440b00e5efefc9e45dd23de73b"},
    {file = "grpcio-1.46.0-cp36-cp36m-linux_armv7l.whl", hash = "sha256:4be2d7f283a7e2a15f9c5d70e1c9899e1824ea0650dbd82b7dc5e54d0c8061a5"},
    {file = "grpcio-1.46.0-cp36-cp36m-macosx_10_10_x86_64.whl", hash = "sha256:6ab4aeadc6c76447bcae91da1c69eeff9d0b78af7051fdcebe18a4cdf766f727"},
    {file = "grpcio-1.46.0-cp36-cp36m-manylinux_2_12_i686.manylinux2010_i686.whl", hash = "sha256:c8c0eaede86ae97213548633eb07446dab75a48c771ad8bb3751bffbd9055ea9"},
    {file = "grpcio-1.46.0-cp36-cp36m-manylinux_2_12_x86_64.manylinux2010_x86_64.whl", hash = "sha256:b45f4f0815e1df26ced52e6e7012055d023d1b2d943e5d3d168e211bdbb823ad"},
    {file = "grpcio-1.46.0-cp36-cp36m-manylinux_2_17_aarch64.whl", hash = "sha256:63e827caff24f7d02c2d4d6fbca720001f7e5158a68abba37ea0c7eb447adfe5"},
    {file = "grpcio-1.46.0-cp36-cp36m-manylinux_2_17_i686.manylinux2014_i686.whl", hash = "sha256:7c6958a8a6a8df1caa536314bda3fb54f9ca5c936c14e3a486ff51d150c342c7"},
    {file = "grpcio-1.46.0-cp36-cp36m-manylinux_2_17_x86_64.manylinux2014_x86_64.whl", hash = "sha256:edc0e052d349d7bac6719bddb5e779314b060eca1f53f99e0cc0be1aea66285a"},
    {file = "grpcio-1.46.0-cp36-cp36m-musllinux_1_1_i686.whl", hash = "sha256:d2b99b28b75b1929d92d947b74b7c74610131ac6acf803f2dedde7d245bc8b90"},
    {file = "grpcio-1.46.0-cp36-cp36m-musllinux_1_1_x86_64.whl", hash = "sha256:518b3294dcdd734c4551a7c4cf3b457b9e0b949f4d855419600ceb7921de6f00"},
    {file = "grpcio-1.46.0-cp36-cp36m-win32.whl", hash = "sha256:eca51dd5d16b3a6b19c255cbcb236387d5cc9e058faeff024cd0c904d16f2495"},
    {file = "grpcio-1.46.0-cp36-cp36m-win_amd64.whl", hash = "sha256:206becfce3ad377f50c934b4d91f3fd5f101fe71db80ccce800d6bb898605448"},
    {file = "grpcio-1.46.0-cp37-cp37m-linux_armv7l.whl", hash = "sha256:c95497d9bf93c8553b558646dd61cb4b15269c28fcee1a8843892edd50f3754f"},
    {file = "grpcio-1.46.0-cp37-cp37m-macosx_10_10_x86_64.whl", hash = "sha256:fed35c01a01c6d050f8d67456dad83b5196bf4aff6d88fadd9b70936fb732826"},
    {file = "grpcio-1.46.0-cp37-cp37m-manylinux_2_12_i686.manylinux2010_i686.whl", hash = "sha256:1419ab58c830f2da40884f4e1b4583038b12d6609fcac1a5700eff9ca9a75070"},
    {file = "grpcio-1.46.0-cp37-cp37m-manylinux_2_12_x86_64.manylinux2010_x86_64.whl", hash = "sha256:65477bb9e884c9f46cde27c083d69c6588342f24ee5d56bbf731b9a4a14cc781"},
    {file = "grpcio-1.46.0-cp37-cp37m-manylinux_2_17_aarch64.whl", hash = "sha256:d5ef9194f9bc216c8d0c18885bb7db247b0018a219ded543a6a6c2fe9454b220"},
    {file = "grpcio-1.46.0-cp37-cp37m-manylinux_2_17_i686.manylinux2014_i686.whl", hash = "sha256:ed29cc8cb0394cb5ae9cf0a56e32228e9d98b8bb79a088393a18346510a06132"},
    {file = "grpcio-1.46.0-cp37-cp37m-manylinux_2_17_x86_64.manylinux2014_x86_64.whl", hash = "sha256:7e4972b82ee1164eeee297e86a6351a2f358e1a9e5b65ae491a7a140d276cec4"},
    {file = "grpcio-1.46.0-cp37-cp37m-musllinux_1_1_i686.whl", hash = "sha256:9ab12c5bfb13f294f6215a2580e446396eaac1b101e6cdb74d7bea3c6be3143e"},
    {file = "grpcio-1.46.0-cp37-cp37m-musllinux_1_1_x86_64.whl", hash = "sha256:c1111369863d04ea49378b73c1c2890bafa4c558c9cf799da52bf922483c8a3c"},
    {file = "grpcio-1.46.0-cp37-cp37m-win32.whl", hash = "sha256:653d69bc4ac2e1f1bf36625aa42fbba8d399df609ded69a74b5820ca995e75dd"},
    {file = "grpcio-1.46.0-cp37-cp37m-win_amd64.whl", hash = "sha256:afe8cbd4ed74f7d955c7732195d5f46c6af7b0867dfe642c8628332585fa40ee"},
    {file = "grpcio-1.46.0-cp38-cp38-linux_armv7l.whl", hash = "sha256:2f59d6beb12bbccd3d1ecd23d78f0f1a63324cddc42c744c6d13abeef6039496"},
    {file = "grpcio-1.46.0-cp38-cp38-macosx_10_10_x86_64.whl", hash = "sha256:170ade19379157d5c8e01c8176858a7ffbbf904b7896917c323134021afc1926"},
    {file = "grpcio-1.46.0-cp38-cp38-manylinux_2_12_i686.manylinux2010_i686.whl", hash = "sha256:a6d45e6fbe3f60fa3a8907f55e8d626a4aa452eb108edfa7f533c9161d973ef9"},
    {file = "grpcio-1.46.0-cp38-cp38-manylinux_2_12_x86_64.manylinux2010_x86_64.whl", hash = "sha256:47f0c0820d0b7f6e4930729b9067f346a07d4bbc632d109a2bcc7ca6f260c5f1"},
    {file = "grpcio-1.46.0-cp38-cp38-manylinux_2_17_aarch64.whl", hash = "sha256:b3004fd04bfd3dba17f9d28b094bff76a32d7e85408f9f26f02594aa31fba040"},
    {file = "grpcio-1.46.0-cp38-cp38-manylinux_2_17_i686.manylinux2014_i686.whl", hash = "sha256:a4d4a17d8afcd6c9e4f06cf52b3f7ce0ca06f33510a47358848d30a1aebef10b"},
    {file = "grpcio-1.46.0-cp38-cp38-manylinux_2_17_x86_64.manylinux2014_x86_64.whl", hash = "sha256:fbfac305c16cb5fcff894f3b80923863877584f1d3be66164aa218ed32841bcb"},
    {file = "grpcio-1.46.0-cp38-cp38-musllinux_1_1_i686.whl", hash = "sha256:d518477a73b467953ac8cff08022394b5250e8cfd7adfd167f76fd2d76969158"},
    {file = "grpcio-1.46.0-cp38-cp38-musllinux_1_1_x86_64.whl", hash = "sha256:2a751c533679dbc0194daf91a6e665d6163f9b423fc6f2e506035ddc17118f9d"},
    {file = "grpcio-1.46.0-cp38-cp38-win32.whl", hash = "sha256:20fde26fbd40547c65817ca47b15f1f51d4bb0a70fd8a836fa08c9ad9b284b03"},
    {file = "grpcio-1.46.0-cp38-cp38-win_amd64.whl", hash = "sha256:70b6d401a758e85318a2be038eccf8ab965a14082b9f89152f19b8f9b7ac762e"},
    {file = "grpcio-1.46.0-cp39-cp39-linux_armv7l.whl", hash = "sha256:c8539a82debdd50c7fe3f0565b36b5efcd6a68f30ab635aced4175569d5f45e2"},
    {file = "grpcio-1.46.0-cp39-cp39-macosx_10_10_x86_64.whl", hash = "sha256:884b0182d89bb934a5615f9d056df44e8681473cd124e6262382b5888353691b"},
    {file = "grpcio-1.46.0-cp39-cp39-manylinux_2_12_i686.manylinux2010_i686.whl", hash = "sha256:26ab8415e2e048e32cf05a86e7b6d76864bc018f837a93112c177130c2743766"},
    {file = "grpcio-1.46.0-cp39-cp39-manylinux_2_12_x86_64.manylinux2010_x86_64.whl", hash = "sha256:e30a1be3d1ec426f32d6fa22d9af9f5169a40d4b0955ce1fb111e869e0c0f44f"},
    {file = "grpcio-1.46.0-cp39-cp39-manylinux_2_17_aarch64.whl", hash = "sha256:7c4fff11237fee6f07ac6937f2cff02a1f28d8bf2d675d1c57496423ddb8e01f"},
    {file = "grpcio-1.46.0-cp39-cp39-manylinux_2_17_i686.manylinux2014_i686.whl", hash = "sha256:19646d7d51643231fbd3414134ddbf5c4c226db861a800bc8c04ac870533b614"},
    {file = "grpcio-1.46.0-cp39-cp39-manylinux_2_17_x86_64.manylinux2014_x86_64.whl", hash = "sha256:1efd92661c4d4b106cd97025d52a480255b387ba75d3070cee6c4677e375f1c5"},
    {file = "grpcio-1.46.0-cp39-cp39-musllinux_1_1_i686.whl", hash = "sha256:9e7ea7a8e7521664dd630fab35daab106a490b65e29254f90aeac66ec5cf1f68"},
    {file = "grpcio-1.46.0-cp39-cp39-musllinux_1_1_x86_64.whl", hash = "sha256:bd58caa70b4228ebb31e1b5c9872053f9fde4412ef69a1be65b8a8eaae8cf072"},
    {file = "grpcio-1.46.0-cp39-cp39-win32.whl", hash = "sha256:4befe75c0122fe51ae046a4936b735c306ea63849405cd8dc0be534affd60ea0"},
    {file = "grpcio-1.46.0-cp39-cp39-win_amd64.whl", hash = "sha256:25cf4ede6f9703913b4381969159452ff6ca5dfb93d5f58b80d1763e9ad79b18"},
    {file = "grpcio-1.46.0.tar.gz", hash = "sha256:ef37ff444d248ff8ea5e175a7807ce19e324831bc00d466169191cd9aad0ee36"},
]
numpy = [
    {file = "numpy-1.22.3-cp310-cp310-macosx_10_14_x86_64.whl", hash = "sha256:92bfa69cfbdf7dfc3040978ad09a48091143cffb778ec3b03fa170c494118d75"},
    {file = "numpy-1.22.3-cp310-cp310-macosx_11_0_arm64.whl", hash = "sha256:8251ed96f38b47b4295b1ae51631de7ffa8260b5b087808ef09a39a9d66c97ab"},
    {file = "numpy-1.22.3-cp310-cp310-manylinux_2_17_aarch64.manylinux2014_aarch64.whl", hash = "sha256:48a3aecd3b997bf452a2dedb11f4e79bc5bfd21a1d4cc760e703c31d57c84b3e"},
    {file = "numpy-1.22.3-cp310-cp310-manylinux_2_17_x86_64.manylinux2014_x86_64.whl", hash = "sha256:a3bae1a2ed00e90b3ba5f7bd0a7c7999b55d609e0c54ceb2b076a25e345fa9f4"},
    {file = "numpy-1.22.3-cp310-cp310-win32.whl", hash = "sha256:f950f8845b480cffe522913d35567e29dd381b0dc7e4ce6a4a9f9156417d2430"},
    {file = "numpy-1.22.3-cp310-cp310-win_amd64.whl", hash = "sha256:08d9b008d0156c70dc392bb3ab3abb6e7a711383c3247b410b39962263576cd4"},
    {file = "numpy-1.22.3-cp38-cp38-macosx_10_14_x86_64.whl", hash = "sha256:201b4d0552831f7250a08d3b38de0d989d6f6e4658b709a02a73c524ccc6ffce"},
    {file = "numpy-1.22.3-cp38-cp38-macosx_11_0_arm64.whl", hash = "sha256:f8c1f39caad2c896bc0018f699882b345b2a63708008be29b1f355ebf6f933fe"},
    {file = "numpy-1.22.3-cp38-cp38-manylinux_2_17_aarch64.manylinux2014_aarch64.whl", hash = "sha256:568dfd16224abddafb1cbcce2ff14f522abe037268514dd7e42c6776a1c3f8e5"},
    {file = "numpy-1.22.3-cp38-cp38-manylinux_2_17_x86_64.manylinux2014_x86_64.whl", hash = "sha256:3ca688e1b9b95d80250bca34b11a05e389b1420d00e87a0d12dc45f131f704a1"},
    {file = "numpy-1.22.3-cp38-cp38-win32.whl", hash = "sha256:e7927a589df200c5e23c57970bafbd0cd322459aa7b1ff73b7c2e84d6e3eae62"},
    {file = "numpy-1.22.3-cp38-cp38-win_amd64.whl", hash = "sha256:07a8c89a04997625236c5ecb7afe35a02af3896c8aa01890a849913a2309c676"},
    {file = "numpy-1.22.3-cp39-cp39-macosx_10_14_x86_64.whl", hash = "sha256:2c10a93606e0b4b95c9b04b77dc349b398fdfbda382d2a39ba5a822f669a0123"},
    {file = "numpy-1.22.3-cp39-cp39-macosx_11_0_arm64.whl", hash = "sha256:fade0d4f4d292b6f39951b6836d7a3c7ef5b2347f3c420cd9820a1d90d794802"},
    {file = "numpy-1.22.3-cp39-cp39-manylinux_2_17_aarch64.manylinux2014_aarch64.whl", hash = "sha256:5bfb1bb598e8229c2d5d48db1860bcf4311337864ea3efdbe1171fb0c5da515d"},
    {file = "numpy-1.22.3-cp39-cp39-manylinux_2_17_x86_64.manylinux2014_x86_64.whl", hash = "sha256:97098b95aa4e418529099c26558eeb8486e66bd1e53a6b606d684d0c3616b168"},
    {file = "numpy-1.22.3-cp39-cp39-win32.whl", hash = "sha256:fdf3c08bce27132395d3c3ba1503cac12e17282358cb4bddc25cc46b0aca07aa"},
    {file = "numpy-1.22.3-cp39-cp39-win_amd64.whl", hash = "sha256:639b54cdf6aa4f82fe37ebf70401bbb74b8508fddcf4797f9fe59615b8c5813a"},
    {file = "numpy-1.22.3-pp38-pypy38_pp73-manylinux_2_17_x86_64.manylinux2014_x86_64.whl", hash = "sha256:c34ea7e9d13a70bf2ab64a2532fe149a9aced424cd05a2c4ba662fd989e3e45f"},
    {file = "numpy-1.22.3.zip", hash = "sha256:dbc7601a3b7472d559dc7b933b18b4b66f9aa7452c120e87dfb33d02008c8a18"},
]
pandas = [
    {file = "pandas-1.4.2-cp310-cp310-macosx_10_9_universal2.whl", hash = "sha256:be67c782c4f1b1f24c2f16a157e12c2693fd510f8df18e3287c77f33d124ed07"},
    {file = "pandas-1.4.2-cp310-cp310-macosx_10_9_x86_64.whl", hash = "sha256:5a206afa84ed20e07603f50d22b5f0db3fb556486d8c2462d8bc364831a4b417"},
    {file = "pandas-1.4.2-cp310-cp310-macosx_11_0_arm64.whl", hash = "sha256:0010771bd9223f7afe5f051eb47c4a49534345dfa144f2f5470b27189a4dd3b5"},
    {file = "pandas-1.4.2-cp310-cp310-manylinux_2_17_aarch64.manylinux2014_aarch64.whl", hash = "sha256:3228198333dd13c90b6434ddf61aa6d57deaca98cf7b654f4ad68a2db84f8cfe"},
    {file = "pandas-1.4.2-cp310-cp310-manylinux_2_17_x86_64.manylinux2014_x86_64.whl", hash = "sha256:5b79af3a69e5175c6fa7b4e046b21a646c8b74e92c6581a9d825687d92071b51"},
    {file = "pandas-1.4.2-cp310-cp310-win_amd64.whl", hash = "sha256:5586cc95692564b441f4747c47c8a9746792e87b40a4680a2feb7794defb1ce3"},
    {file = "pandas-1.4.2-cp38-cp38-macosx_10_9_universal2.whl", hash = "sha256:061609334a8182ab500a90fe66d46f6f387de62d3a9cb9aa7e62e3146c712167"},
    {file = "pandas-1.4.2-cp38-cp38-macosx_10_9_x86_64.whl", hash = "sha256:b8134651258bce418cb79c71adeff0a44090c98d955f6953168ba16cc285d9f7"},
    {file = "pandas-1.4.2-cp38-cp38-macosx_11_0_arm64.whl", hash = "sha256:df82739e00bb6daf4bba4479a40f38c718b598a84654cbd8bb498fd6b0aa8c16"},
    {file = "pandas-1.4.2-cp38-cp38-manylinux_2_17_aarch64.manylinux2014_aarch64.whl", hash = "sha256:385c52e85aaa8ea6a4c600a9b2821181a51f8be0aee3af6f2dcb41dafc4fc1d0"},
    {file = "pandas-1.4.2-cp38-cp38-manylinux_2_17_x86_64.manylinux2014_x86_64.whl", hash = "sha256:295872bf1a09758aba199992c3ecde455f01caf32266d50abc1a073e828a7b9d"},
    {file = "pandas-1.4.2-cp38-cp38-win32.whl", hash = "sha256:95c1e422ced0199cf4a34385ff124b69412c4bc912011ce895582bee620dfcaa"},
    {file = "pandas-1.4.2-cp38-cp38-win_amd64.whl", hash = "sha256:5c54ea4ef3823108cd4ec7fb27ccba4c3a775e0f83e39c5e17f5094cb17748bc"},
    {file = "pandas-1.4.2-cp39-cp39-macosx_10_9_universal2.whl", hash = "sha256:c072c7f06b9242c855ed8021ff970c0e8f8b10b35e2640c657d2a541c5950f59"},
    {file = "pandas-1.4.2-cp39-cp39-macosx_10_9_x86_64.whl", hash = "sha256:f549097993744ff8c41b5e8f2f0d3cbfaabe89b4ae32c8c08ead6cc535b80139"},
    {file = "pandas-1.4.2-cp39-cp39-macosx_11_0_arm64.whl", hash = "sha256:ff08a14ef21d94cdf18eef7c569d66f2e24e0bc89350bcd7d243dd804e3b5eb2"},
    {file = "pandas-1.4.2-cp39-cp39-manylinux_2_17_aarch64.manylinux2014_aarch64.whl", hash = "sha256:8c5bf555b6b0075294b73965adaafb39cf71c312e38c5935c93d78f41c19828a"},
    {file = "pandas-1.4.2-cp39-cp39-manylinux_2_17_x86_64.manylinux2014_x86_64.whl", hash = "sha256:51649ef604a945f781105a6d2ecf88db7da0f4868ac5d45c51cb66081c4d9c73"},
    {file = "pandas-1.4.2-cp39-cp39-win32.whl", hash = "sha256:d0d4f13e4be7ce89d7057a786023c461dd9370040bdb5efa0a7fe76b556867a0"},
    {file = "pandas-1.4.2-cp39-cp39-win_amd64.whl", hash = "sha256:09d8be7dd9e1c4c98224c4dfe8abd60d145d934e9fc1f5f411266308ae683e6a"},
    {file = "pandas-1.4.2.tar.gz", hash = "sha256:92bc1fc585f1463ca827b45535957815b7deb218c549b7c18402c322c7549a12"},
]
plotly = [
    {file = "plotly-5.7.0-py2.py3-none-any.whl", hash = "sha256:3a35131762c6567813012462e1d496e1d3898f56ab3d386b32f103f7f0c79cf1"},
    {file = "plotly-5.7.0.tar.gz", hash = "sha256:15ab20e9ed8b55f669b3d35e186eb48f9e1fe07321a1337b8b7df8d3573d265a"},
]
protobuf = [
    {file = "protobuf-3.20.1-cp310-cp310-macosx_10_9_universal2.whl", hash = "sha256:3cc797c9d15d7689ed507b165cd05913acb992d78b379f6014e013f9ecb20996"},
    {file = "protobuf-3.20.1-cp310-cp310-manylinux2014_aarch64.whl", hash = "sha256:ff8d8fa42675249bb456f5db06c00de6c2f4c27a065955917b28c4f15978b9c3"},
    {file = "protobuf-3.20.1-cp310-cp310-manylinux_2_12_x86_64.manylinux2010_x86_64.whl", hash = "sha256:cd68be2559e2a3b84f517fb029ee611546f7812b1fdd0aa2ecc9bc6ec0e4fdde"},
    {file = "protobuf-3.20.1-cp310-cp310-win32.whl", hash = "sha256:9016d01c91e8e625141d24ec1b20fed584703e527d28512aa8c8707f105a683c"},
    {file = "protobuf-3.20.1-cp310-cp310-win_amd64.whl", hash = "sha256:32ca378605b41fd180dfe4e14d3226386d8d1b002ab31c969c366549e66a2bb7"},
    {file = "protobuf-3.20.1-cp36-cp36m-macosx_10_9_x86_64.whl", hash = "sha256:9be73ad47579abc26c12024239d3540e6b765182a91dbc88e23658ab71767153"},
    {file = "protobuf-3.20.1-cp36-cp36m-manylinux_2_5_x86_64.manylinux1_x86_64.whl", hash = "sha256:097c5d8a9808302fb0da7e20edf0b8d4703274d140fd25c5edabddcde43e081f"},
    {file = "protobuf-3.20.1-cp37-cp37m-macosx_10_9_x86_64.whl", hash = "sha256:e250a42f15bf9d5b09fe1b293bdba2801cd520a9f5ea2d7fb7536d4441811d20"},
    {file = "protobuf-3.20.1-cp37-cp37m-manylinux2014_aarch64.whl", hash = "sha256:cdee09140e1cd184ba9324ec1df410e7147242b94b5f8b0c64fc89e38a8ba531"},
    {file = "protobuf-3.20.1-cp37-cp37m-manylinux_2_5_x86_64.manylinux1_x86_64.whl", hash = "sha256:af0ebadc74e281a517141daad9d0f2c5d93ab78e9d455113719a45a49da9db4e"},
    {file = "protobuf-3.20.1-cp37-cp37m-win32.whl", hash = "sha256:755f3aee41354ae395e104d62119cb223339a8f3276a0cd009ffabfcdd46bb0c"},
    {file = "protobuf-3.20.1-cp37-cp37m-win_amd64.whl", hash = "sha256:62f1b5c4cd6c5402b4e2d63804ba49a327e0c386c99b1675c8a0fefda23b2067"},
    {file = "protobuf-3.20.1-cp38-cp38-macosx_10_9_x86_64.whl", hash = "sha256:06059eb6953ff01e56a25cd02cca1a9649a75a7e65397b5b9b4e929ed71d10cf"},
    {file = "protobuf-3.20.1-cp38-cp38-manylinux2014_aarch64.whl", hash = "sha256:cb29edb9eab15742d791e1025dd7b6a8f6fcb53802ad2f6e3adcb102051063ab"},
    {file = "protobuf-3.20.1-cp38-cp38-manylinux_2_5_x86_64.manylinux1_x86_64.whl", hash = "sha256:69ccfdf3657ba59569c64295b7d51325f91af586f8d5793b734260dfe2e94e2c"},
    {file = "protobuf-3.20.1-cp38-cp38-win32.whl", hash = "sha256:dd5789b2948ca702c17027c84c2accb552fc30f4622a98ab5c51fcfe8c50d3e7"},
    {file = "protobuf-3.20.1-cp38-cp38-win_amd64.whl", hash = "sha256:77053d28427a29987ca9caf7b72ccafee011257561259faba8dd308fda9a8739"},
    {file = "protobuf-3.20.1-cp39-cp39-macosx_10_9_x86_64.whl", hash = "sha256:6f50601512a3d23625d8a85b1638d914a0970f17920ff39cec63aaef80a93fb7"},
    {file = "protobuf-3.20.1-cp39-cp39-manylinux2014_aarch64.whl", hash = "sha256:284f86a6207c897542d7e956eb243a36bb8f9564c1742b253462386e96c6b78f"},
    {file = "protobuf-3.20.1-cp39-cp39-manylinux_2_5_x86_64.manylinux1_x86_64.whl", hash = "sha256:7403941f6d0992d40161aa8bb23e12575637008a5a02283a930addc0508982f9"},
    {file = "protobuf-3.20.1-cp39-cp39-win32.whl", hash = "sha256:db977c4ca738dd9ce508557d4fce0f5aebd105e158c725beec86feb1f6bc20d8"},
    {file = "protobuf-3.20.1-cp39-cp39-win_amd64.whl", hash = "sha256:7e371f10abe57cee5021797126c93479f59fccc9693dafd6bd5633ab67808a91"},
    {file = "protobuf-3.20.1-py2.py3-none-any.whl", hash = "sha256:adfc6cf69c7f8c50fd24c793964eef18f0ac321315439d94945820612849c388"},
    {file = "protobuf-3.20.1.tar.gz", hash = "sha256:adc31566d027f45efe3f44eeb5b1f329da43891634d61c75a5944e9be6dd42c9"},
]
python-dateutil = [
    {file = "python-dateutil-2.8.2.tar.gz", hash = "sha256:0123cacc1627ae19ddf3c27a5de5bd67ee4586fbdd6440d9748f8abb483d3e86"},
    {file = "python_dateutil-2.8.2-py2.py3-none-any.whl", hash = "sha256:961d03dc3453ebbc59dbdea9e4e11c5651520a876d0f4db161e8674aae935da9"},
]
pytz = [
    {file = "pytz-2022.1-py2.py3-none-any.whl", hash = "sha256:e68985985296d9a66a881eb3193b0906246245294a881e7c8afe623866ac6a5c"},
    {file = "pytz-2022.1.tar.gz", hash = "sha256:1e760e2fe6a8163bc0b3d9a19c4f84342afa0a2affebfaa84b01b978a02ecaa7"},
]
six = [
    {file = "six-1.16.0-py2.py3-none-any.whl", hash = "sha256:8abb2f1d86890a2dfb989f9a77cfcfd3e47c2a354b01111771326f8aa26e0254"},
    {file = "six-1.16.0.tar.gz", hash = "sha256:1e61c37477a1626458e36f7b1d82aa5c9b094fa4802892072e49de9c60c4c926"},
]
tenacity = [
    {file = "tenacity-8.0.1-py3-none-any.whl", hash = "sha256:f78f4ea81b0fabc06728c11dc2a8c01277bfc5181b321a4770471902e3eb844a"},
    {file = "tenacity-8.0.1.tar.gz", hash = "sha256:43242a20e3e73291a28bcbcacfd6e000b02d3857a9a9fff56b297a27afdc932f"},
]
tinkoff = [
    {file = "tinkoff-0.1.1-py3-none-any.whl", hash = "sha256:971ec61e7a00c44deab5a959df93207dc7ff7b499ba335ead05ed9f974418ec1"},
    {file = "tinkoff-0.1.1.tar.gz", hash = "sha256:c947cb253f16cc3bf17c74b69c4236695850e42deffa69e5a3bb4089d2e3cdc7"},
]
tinkoff-investments = [
    {file = "tinkoff-investments-0.2.0b26.tar.gz", hash = "sha256:d8a49e3a1bd27c06285422fd641816310918e8ed7e811a1f070146e0a76325af"},
    {file = "tinkoff_investments-0.2.0b26-py3-none-any.whl", hash = "sha256:7131d5dc031f69be1849e2bcd171f4e26aadc7de713a7b3e60cecb548e154a32"},
]
